// !$*UTF8*$!
{
	archiveVersion = 1;
	classes = {
	};
	objectVersion = 51;
	objects = {

/* Begin PBXBuildFile section */
		782774E223C6F0D045433C6D /* Pods_Instagram.framework in Frameworks */ = {isa = PBXBuildFile; fileRef = 69145286BA763AC6BEFE9912 /* Pods_Instagram.framework */; };
		C4144D0D265CD3C600BD9353 /* AppDelegate.swift in Sources */ = {isa = PBXBuildFile; fileRef = C4144D0C265CD3C600BD9353 /* AppDelegate.swift */; };
		C4144D0F265CD3C600BD9353 /* SceneDelegate.swift in Sources */ = {isa = PBXBuildFile; fileRef = C4144D0E265CD3C600BD9353 /* SceneDelegate.swift */; };
		C4144D11265CD3C600BD9353 /* HomeViewController.swift in Sources */ = {isa = PBXBuildFile; fileRef = C4144D10265CD3C600BD9353 /* HomeViewController.swift */; };
		C4144D16265CD3C800BD9353 /* Assets.xcassets in Resources */ = {isa = PBXBuildFile; fileRef = C4144D15265CD3C800BD9353 /* Assets.xcassets */; };
		C4144D19265CD3C800BD9353 /* LaunchScreen.storyboard in Resources */ = {isa = PBXBuildFile; fileRef = C4144D17265CD3C800BD9353 /* LaunchScreen.storyboard */; };
		C4144D26265CE3B600BD9353 /* ExploreViewController.swift in Sources */ = {isa = PBXBuildFile; fileRef = C4144D25265CE3B600BD9353 /* ExploreViewController.swift */; };
		C4144D28265CE40200BD9353 /* CameraViewController.swift in Sources */ = {isa = PBXBuildFile; fileRef = C4144D27265CE40200BD9353 /* CameraViewController.swift */; };
		C4144D2A265CE41700BD9353 /* NotificationsViewController.swift in Sources */ = {isa = PBXBuildFile; fileRef = C4144D29265CE41700BD9353 /* NotificationsViewController.swift */; };
		C4144D2C265CE47100BD9353 /* ProfileViewController.swift in Sources */ = {isa = PBXBuildFile; fileRef = C4144D2B265CE47100BD9353 /* ProfileViewController.swift */; };
		C4144D31265CE79100BD9353 /* LoginViewController.swift in Sources */ = {isa = PBXBuildFile; fileRef = C4144D30265CE79100BD9353 /* LoginViewController.swift */; };
		C4144D33265CE7BE00BD9353 /* RegistrationViewController.swift in Sources */ = {isa = PBXBuildFile; fileRef = C4144D32265CE7BE00BD9353 /* RegistrationViewController.swift */; };
		C4144D35265CE80600BD9353 /* PostViewController.swift in Sources */ = {isa = PBXBuildFile; fileRef = C4144D34265CE80600BD9353 /* PostViewController.swift */; };
		C4144D37265CE83F00BD9353 /* EditProfileViewController.swift in Sources */ = {isa = PBXBuildFile; fileRef = C4144D36265CE83F00BD9353 /* EditProfileViewController.swift */; };
		C4144D39265CE85200BD9353 /* SettingsViewController.swift in Sources */ = {isa = PBXBuildFile; fileRef = C4144D38265CE85200BD9353 /* SettingsViewController.swift */; };
		C4144D3B265CE87300BD9353 /* ListViewController.swift in Sources */ = {isa = PBXBuildFile; fileRef = C4144D3A265CE87300BD9353 /* ListViewController.swift */; };
		C4144D3D265CE89A00BD9353 /* SearchViewController.swift in Sources */ = {isa = PBXBuildFile; fileRef = C4144D3C265CE89A00BD9353 /* SearchViewController.swift */; };
		C4144D3F265CE8A300BD9353 /* SearchResultViewController.swift in Sources */ = {isa = PBXBuildFile; fileRef = C4144D3E265CE8A300BD9353 /* SearchResultViewController.swift */; };
		C4144D41265CE9CC00BD9353 /* PostEditorViewController.swift in Sources */ = {isa = PBXBuildFile; fileRef = C4144D40265CE9CC00BD9353 /* PostEditorViewController.swift */; };
		C4144D43265CE9F000BD9353 /* PublishPostViewController.swift in Sources */ = {isa = PBXBuildFile; fileRef = C4144D42265CE9F000BD9353 /* PublishPostViewController.swift */; };
		C4144D45265D098F00BD9353 /* TabBarViewController.swift in Sources */ = {isa = PBXBuildFile; fileRef = C4144D44265D098F00BD9353 /* TabBarViewController.swift */; };
		C48ED38D265D20AD001C91A0 /* GoogleService-Info.plist in Resources */ = {isa = PBXBuildFile; fileRef = C48ED38C265D20AD001C91A0 /* GoogleService-Info.plist */; };
		C48ED390265E1061001C91A0 /* DatabaseManager.swift in Sources */ = {isa = PBXBuildFile; fileRef = C48ED38F265E1061001C91A0 /* DatabaseManager.swift */; };
		C48ED392265E11A5001C91A0 /* AuthManager.swift in Sources */ = {isa = PBXBuildFile; fileRef = C48ED391265E11A5001C91A0 /* AuthManager.swift */; };
		C48ED394265E11EA001C91A0 /* StorageManager.swift in Sources */ = {isa = PBXBuildFile; fileRef = C48ED393265E11EA001C91A0 /* StorageManager.swift */; };
/* End PBXBuildFile section */

/* Begin PBXFileReference section */
		4A74600E3090BB573907F45B /* Pods-Instagram.release.xcconfig */ = {isa = PBXFileReference; includeInIndex = 1; lastKnownFileType = text.xcconfig; name = "Pods-Instagram.release.xcconfig"; path = "Target Support Files/Pods-Instagram/Pods-Instagram.release.xcconfig"; sourceTree = "<group>"; };
		69145286BA763AC6BEFE9912 /* Pods_Instagram.framework */ = {isa = PBXFileReference; explicitFileType = wrapper.framework; includeInIndex = 0; path = Pods_Instagram.framework; sourceTree = BUILT_PRODUCTS_DIR; };
		81FEA501B97854223608B4DC /* Pods-Instagram.debug.xcconfig */ = {isa = PBXFileReference; includeInIndex = 1; lastKnownFileType = text.xcconfig; name = "Pods-Instagram.debug.xcconfig"; path = "Target Support Files/Pods-Instagram/Pods-Instagram.debug.xcconfig"; sourceTree = "<group>"; };
		C4144D09265CD3C600BD9353 /* Instagram.app */ = {isa = PBXFileReference; explicitFileType = wrapper.application; includeInIndex = 0; path = Instagram.app; sourceTree = BUILT_PRODUCTS_DIR; };
		C4144D0C265CD3C600BD9353 /* AppDelegate.swift */ = {isa = PBXFileReference; lastKnownFileType = sourcecode.swift; path = AppDelegate.swift; sourceTree = "<group>"; };
		C4144D0E265CD3C600BD9353 /* SceneDelegate.swift */ = {isa = PBXFileReference; lastKnownFileType = sourcecode.swift; path = SceneDelegate.swift; sourceTree = "<group>"; };
		C4144D10265CD3C600BD9353 /* HomeViewController.swift */ = {isa = PBXFileReference; lastKnownFileType = sourcecode.swift; path = HomeViewController.swift; sourceTree = "<group>"; };
		C4144D15265CD3C800BD9353 /* Assets.xcassets */ = {isa = PBXFileReference; lastKnownFileType = folder.assetcatalog; path = Assets.xcassets; sourceTree = "<group>"; };
		C4144D18265CD3C800BD9353 /* Base */ = {isa = PBXFileReference; lastKnownFileType = file.storyboard; name = Base; path = Base.lproj/LaunchScreen.storyboard; sourceTree = "<group>"; };
		C4144D1A265CD3C800BD9353 /* Info.plist */ = {isa = PBXFileReference; lastKnownFileType = text.plist.xml; path = Info.plist; sourceTree = "<group>"; };
		C4144D25265CE3B600BD9353 /* ExploreViewController.swift */ = {isa = PBXFileReference; lastKnownFileType = sourcecode.swift; path = ExploreViewController.swift; sourceTree = "<group>"; };
		C4144D27265CE40200BD9353 /* CameraViewController.swift */ = {isa = PBXFileReference; lastKnownFileType = sourcecode.swift; path = CameraViewController.swift; sourceTree = "<group>"; };
		C4144D29265CE41700BD9353 /* NotificationsViewController.swift */ = {isa = PBXFileReference; lastKnownFileType = sourcecode.swift; path = NotificationsViewController.swift; sourceTree = "<group>"; };
		C4144D2B265CE47100BD9353 /* ProfileViewController.swift */ = {isa = PBXFileReference; lastKnownFileType = sourcecode.swift; path = ProfileViewController.swift; sourceTree = "<group>"; };
		C4144D30265CE79100BD9353 /* LoginViewController.swift */ = {isa = PBXFileReference; lastKnownFileType = sourcecode.swift; path = LoginViewController.swift; sourceTree = "<group>"; };
		C4144D32265CE7BE00BD9353 /* RegistrationViewController.swift */ = {isa = PBXFileReference; lastKnownFileType = sourcecode.swift; path = RegistrationViewController.swift; sourceTree = "<group>"; };
		C4144D34265CE80600BD9353 /* PostViewController.swift */ = {isa = PBXFileReference; lastKnownFileType = sourcecode.swift; path = PostViewController.swift; sourceTree = "<group>"; };
		C4144D36265CE83F00BD9353 /* EditProfileViewController.swift */ = {isa = PBXFileReference; lastKnownFileType = sourcecode.swift; path = EditProfileViewController.swift; sourceTree = "<group>"; };
		C4144D38265CE85200BD9353 /* SettingsViewController.swift */ = {isa = PBXFileReference; lastKnownFileType = sourcecode.swift; path = SettingsViewController.swift; sourceTree = "<group>"; };
		C4144D3A265CE87300BD9353 /* ListViewController.swift */ = {isa = PBXFileReference; lastKnownFileType = sourcecode.swift; path = ListViewController.swift; sourceTree = "<group>"; };
		C4144D3C265CE89A00BD9353 /* SearchViewController.swift */ = {isa = PBXFileReference; lastKnownFileType = sourcecode.swift; path = SearchViewController.swift; sourceTree = "<group>"; };
		C4144D3E265CE8A300BD9353 /* SearchResultViewController.swift */ = {isa = PBXFileReference; lastKnownFileType = sourcecode.swift; path = SearchResultViewController.swift; sourceTree = "<group>"; };
		C4144D40265CE9CC00BD9353 /* PostEditorViewController.swift */ = {isa = PBXFileReference; lastKnownFileType = sourcecode.swift; path = PostEditorViewController.swift; sourceTree = "<group>"; };
		C4144D42265CE9F000BD9353 /* PublishPostViewController.swift */ = {isa = PBXFileReference; lastKnownFileType = sourcecode.swift; path = PublishPostViewController.swift; sourceTree = "<group>"; };
		C4144D44265D098F00BD9353 /* TabBarViewController.swift */ = {isa = PBXFileReference; lastKnownFileType = sourcecode.swift; path = TabBarViewController.swift; sourceTree = "<group>"; };
		C48ED38C265D20AD001C91A0 /* GoogleService-Info.plist */ = {isa = PBXFileReference; fileEncoding = 4; lastKnownFileType = text.plist.xml; path = "GoogleService-Info.plist"; sourceTree = "<group>"; };
		C48ED38F265E1061001C91A0 /* DatabaseManager.swift */ = {isa = PBXFileReference; lastKnownFileType = sourcecode.swift; path = DatabaseManager.swift; sourceTree = "<group>"; };
		C48ED391265E11A5001C91A0 /* AuthManager.swift */ = {isa = PBXFileReference; lastKnownFileType = sourcecode.swift; path = AuthManager.swift; sourceTree = "<group>"; };
		C48ED393265E11EA001C91A0 /* StorageManager.swift */ = {isa = PBXFileReference; lastKnownFileType = sourcecode.swift; path = StorageManager.swift; sourceTree = "<group>"; };
/* End PBXFileReference section */

/* Begin PBXFrameworksBuildPhase section */
		C4144D06265CD3C600BD9353 /* Frameworks */ = {
			isa = PBXFrameworksBuildPhase;
			buildActionMask = 2147483647;
			files = (
				782774E223C6F0D045433C6D /* Pods_Instagram.framework in Frameworks */,
			);
			runOnlyForDeploymentPostprocessing = 0;
		};
/* End PBXFrameworksBuildPhase section */

/* Begin PBXGroup section */
		7DC979401B8ACA3271BBDC22 /* Pods */ = {
			isa = PBXGroup;
			children = (
				81FEA501B97854223608B4DC /* Pods-Instagram.debug.xcconfig */,
				4A74600E3090BB573907F45B /* Pods-Instagram.release.xcconfig */,
			);
			path = Pods;
			sourceTree = "<group>";
		};
		C4144D00265CD3C600BD9353 = {
			isa = PBXGroup;
			children = (
				C4144D0B265CD3C600BD9353 /* Instagram */,
				C4144D0A265CD3C600BD9353 /* Products */,
				7DC979401B8ACA3271BBDC22 /* Pods */,
				DD57E642528A9747B7246472 /* Frameworks */,
			);
			sourceTree = "<group>";
		};
		C4144D0A265CD3C600BD9353 /* Products */ = {
			isa = PBXGroup;
			children = (
				C4144D09265CD3C600BD9353 /* Instagram.app */,
			);
			name = Products;
			sourceTree = "<group>";
		};
		C4144D0B265CD3C600BD9353 /* Instagram */ = {
			isa = PBXGroup;
			children = (
				C4144D23265CE12E00BD9353 /* Resources */,
				C4144D22265CE11800BD9353 /* Model */,
				C4144D21265CE0F900BD9353 /* View */,
				C4144D20265CE0E800BD9353 /* Controller */,
				C4144D1A265CD3C800BD9353 /* Info.plist */,
			);
			path = Instagram;
			sourceTree = "<group>";
		};
		C4144D20265CE0E800BD9353 /* Controller */ = {
			isa = PBXGroup;
			children = (
				C4144D2E265CE4D600BD9353 /* Other */,
				C4144D2D265CE47E00BD9353 /* Core Tabs */,
			);
			path = Controller;
			sourceTree = "<group>";
		};
		C4144D21265CE0F900BD9353 /* View */ = {
			isa = PBXGroup;
			children = (
				C4144D15265CD3C800BD9353 /* Assets.xcassets */,
				C4144D24265CE28600BD9353 /* Storyboards */,
			);
			path = View;
			sourceTree = "<group>";
		};
		C4144D22265CE11800BD9353 /* Model */ = {
			isa = PBXGroup;
			children = (
			);
			path = Model;
			sourceTree = "<group>";
		};
		C4144D23265CE12E00BD9353 /* Resources */ = {
			isa = PBXGroup;
			children = (
				C4144D0C265CD3C600BD9353 /* AppDelegate.swift */,
				C4144D0E265CD3C600BD9353 /* SceneDelegate.swift */,
				C48ED38C265D20AD001C91A0 /* GoogleService-Info.plist */,
				C48ED38F265E1061001C91A0 /* DatabaseManager.swift */,
				C48ED391265E11A5001C91A0 /* AuthManager.swift */,
				C48ED393265E11EA001C91A0 /* StorageManager.swift */,
			);
			path = Resources;
			sourceTree = "<group>";
		};
		C4144D24265CE28600BD9353 /* Storyboards */ = {
			isa = PBXGroup;
			children = (
				C4144D17265CD3C800BD9353 /* LaunchScreen.storyboard */,
			);
			path = Storyboards;
			sourceTree = "<group>";
		};
		C4144D2D265CE47E00BD9353 /* Core Tabs */ = {
			isa = PBXGroup;
			children = (
				C4144D10265CD3C600BD9353 /* HomeViewController.swift */,
				C4144D25265CE3B600BD9353 /* ExploreViewController.swift */,
				C4144D27265CE40200BD9353 /* CameraViewController.swift */,
				C4144D29265CE41700BD9353 /* NotificationsViewController.swift */,
				C4144D2B265CE47100BD9353 /* ProfileViewController.swift */,
				C4144D44265D098F00BD9353 /* TabBarViewController.swift */,
			);
			path = "Core Tabs";
			sourceTree = "<group>";
		};
		C4144D2E265CE4D600BD9353 /* Other */ = {
			isa = PBXGroup;
			children = (
				C4144D2F265CE4F700BD9353 /* Onboarding */,
				C48ED38E265E0F8A001C91A0 /* General */,
			);
			path = Other;
			sourceTree = "<group>";
		};
		C4144D2F265CE4F700BD9353 /* Onboarding */ = {
			isa = PBXGroup;
			children = (
				C4144D30265CE79100BD9353 /* LoginViewController.swift */,
				C4144D32265CE7BE00BD9353 /* RegistrationViewController.swift */,
			);
			path = Onboarding;
			sourceTree = "<group>";
		};
		C48ED38E265E0F8A001C91A0 /* General */ = {
			isa = PBXGroup;
			children = (
				C4144D34265CE80600BD9353 /* PostViewController.swift */,
				C4144D36265CE83F00BD9353 /* EditProfileViewController.swift */,
				C4144D38265CE85200BD9353 /* SettingsViewController.swift */,
				C4144D3A265CE87300BD9353 /* ListViewController.swift */,
				C4144D3C265CE89A00BD9353 /* SearchViewController.swift */,
				C4144D3E265CE8A300BD9353 /* SearchResultViewController.swift */,
				C4144D40265CE9CC00BD9353 /* PostEditorViewController.swift */,
				C4144D42265CE9F000BD9353 /* PublishPostViewController.swift */,
			);
			path = General;
			sourceTree = "<group>";
		};
		DD57E642528A9747B7246472 /* Frameworks */ = {
			isa = PBXGroup;
			children = (
				69145286BA763AC6BEFE9912 /* Pods_Instagram.framework */,
			);
			name = Frameworks;
			sourceTree = "<group>";
		};
/* End PBXGroup section */

/* Begin PBXNativeTarget section */
		C4144D08265CD3C600BD9353 /* Instagram */ = {
			isa = PBXNativeTarget;
			buildConfigurationList = C4144D1D265CD3C800BD9353 /* Build configuration list for PBXNativeTarget "Instagram" */;
			buildPhases = (
				2CF10953D71F1B2836E840C1 /* [CP] Check Pods Manifest.lock */,
				C4144D05265CD3C600BD9353 /* Sources */,
				C4144D06265CD3C600BD9353 /* Frameworks */,
				C4144D07265CD3C600BD9353 /* Resources */,
				13BEE771F23A8E00DD9DA5E7 /* [CP] Embed Pods Frameworks */,
			);
			buildRules = (
			);
			dependencies = (
			);
			name = Instagram;
			productName = Instagram;
			productReference = C4144D09265CD3C600BD9353 /* Instagram.app */;
			productType = "com.apple.product-type.application";
		};
/* End PBXNativeTarget section */

/* Begin PBXProject section */
		C4144D01265CD3C600BD9353 /* Project object */ = {
			isa = PBXProject;
			attributes = {
				LastSwiftUpdateCheck = 1250;
				LastUpgradeCheck = 1250;
				TargetAttributes = {
					C4144D08265CD3C600BD9353 = {
						CreatedOnToolsVersion = 12.5;
					};
				};
			};
			buildConfigurationList = C4144D04265CD3C600BD9353 /* Build configuration list for PBXProject "Instagram" */;
			compatibilityVersion = "Xcode 9.3";
			developmentRegion = en;
			hasScannedForEncodings = 0;
			knownRegions = (
				en,
				Base,
			);
			mainGroup = C4144D00265CD3C600BD9353;
			productRefGroup = C4144D0A265CD3C600BD9353 /* Products */;
			projectDirPath = "";
			projectRoot = "";
			targets = (
				C4144D08265CD3C600BD9353 /* Instagram */,
			);
		};
/* End PBXProject section */

/* Begin PBXResourcesBuildPhase section */
		C4144D07265CD3C600BD9353 /* Resources */ = {
			isa = PBXResourcesBuildPhase;
			buildActionMask = 2147483647;
			files = (
				C4144D19265CD3C800BD9353 /* LaunchScreen.storyboard in Resources */,
				C4144D16265CD3C800BD9353 /* Assets.xcassets in Resources */,
				C48ED38D265D20AD001C91A0 /* GoogleService-Info.plist in Resources */,
			);
			runOnlyForDeploymentPostprocessing = 0;
		};
/* End PBXResourcesBuildPhase section */

/* Begin PBXShellScriptBuildPhase section */
		13BEE771F23A8E00DD9DA5E7 /* [CP] Embed Pods Frameworks */ = {
			isa = PBXShellScriptBuildPhase;
			buildActionMask = 2147483647;
			files = (
			);
			inputFileListPaths = (
				"${PODS_ROOT}/Target Support Files/Pods-Instagram/Pods-Instagram-frameworks-${CONFIGURATION}-input-files.xcfilelist",
			);
			name = "[CP] Embed Pods Frameworks";
			outputFileListPaths = (
				"${PODS_ROOT}/Target Support Files/Pods-Instagram/Pods-Instagram-frameworks-${CONFIGURATION}-output-files.xcfilelist",
			);
			runOnlyForDeploymentPostprocessing = 0;
			shellPath = /bin/sh;
			shellScript = "\"${PODS_ROOT}/Target Support Files/Pods-Instagram/Pods-Instagram-frameworks.sh\"\n";
			showEnvVarsInLog = 0;
		};
		2CF10953D71F1B2836E840C1 /* [CP] Check Pods Manifest.lock */ = {
			isa = PBXShellScriptBuildPhase;
			buildActionMask = 2147483647;
			files = (
			);
			inputFileListPaths = (
			);
			inputPaths = (
				"${PODS_PODFILE_DIR_PATH}/Podfile.lock",
				"${PODS_ROOT}/Manifest.lock",
			);
			name = "[CP] Check Pods Manifest.lock";
			outputFileListPaths = (
			);
			outputPaths = (
				"$(DERIVED_FILE_DIR)/Pods-Instagram-checkManifestLockResult.txt",
			);
			runOnlyForDeploymentPostprocessing = 0;
			shellPath = /bin/sh;
			shellScript = "diff \"${PODS_PODFILE_DIR_PATH}/Podfile.lock\" \"${PODS_ROOT}/Manifest.lock\" > /dev/null\nif [ $? != 0 ] ; then\n    # print error to STDERR\n    echo \"error: The sandbox is not in sync with the Podfile.lock. Run 'pod install' or update your CocoaPods installation.\" >&2\n    exit 1\nfi\n# This output is used by Xcode 'outputs' to avoid re-running this script phase.\necho \"SUCCESS\" > \"${SCRIPT_OUTPUT_FILE_0}\"\n";
			showEnvVarsInLog = 0;
		};
/* End PBXShellScriptBuildPhase section */

/* Begin PBXSourcesBuildPhase section */
		C4144D05265CD3C600BD9353 /* Sources */ = {
			isa = PBXSourcesBuildPhase;
			buildActionMask = 2147483647;
			files = (
				C4144D37265CE83F00BD9353 /* EditProfileViewController.swift in Sources */,
				C4144D26265CE3B600BD9353 /* ExploreViewController.swift in Sources */,
				C4144D43265CE9F000BD9353 /* PublishPostViewController.swift in Sources */,
				C48ED394265E11EA001C91A0 /* StorageManager.swift in Sources */,
				C4144D28265CE40200BD9353 /* CameraViewController.swift in Sources */,
				C4144D45265D098F00BD9353 /* TabBarViewController.swift in Sources */,
				C4144D11265CD3C600BD9353 /* HomeViewController.swift in Sources */,
				C4144D33265CE7BE00BD9353 /* RegistrationViewController.swift in Sources */,
				C4144D41265CE9CC00BD9353 /* PostEditorViewController.swift in Sources */,
				C4144D35265CE80600BD9353 /* PostViewController.swift in Sources */,
				C48ED392265E11A5001C91A0 /* AuthManager.swift in Sources */,
				C4144D2A265CE41700BD9353 /* NotificationsViewController.swift in Sources */,
				C4144D3F265CE8A300BD9353 /* SearchResultViewController.swift in Sources */,
				C4144D31265CE79100BD9353 /* LoginViewController.swift in Sources */,
				C4144D3D265CE89A00BD9353 /* SearchViewController.swift in Sources */,
				C4144D2C265CE47100BD9353 /* ProfileViewController.swift in Sources */,
				C48ED390265E1061001C91A0 /* DatabaseManager.swift in Sources */,
				C4144D0D265CD3C600BD9353 /* AppDelegate.swift in Sources */,
				C4144D0F265CD3C600BD9353 /* SceneDelegate.swift in Sources */,
				C4144D3B265CE87300BD9353 /* ListViewController.swift in Sources */,
				C4144D39265CE85200BD9353 /* SettingsViewController.swift in Sources */,
			);
			runOnlyForDeploymentPostprocessing = 0;
		};
/* End PBXSourcesBuildPhase section */

/* Begin PBXVariantGroup section */
		C4144D17265CD3C800BD9353 /* LaunchScreen.storyboard */ = {
			isa = PBXVariantGroup;
			children = (
				C4144D18265CD3C800BD9353 /* Base */,
			);
			name = LaunchScreen.storyboard;
			sourceTree = "<group>";
		};
/* End PBXVariantGroup section */

/* Begin XCBuildConfiguration section */
		C4144D1B265CD3C800BD9353 /* Debug */ = {
			isa = XCBuildConfiguration;
			buildSettings = {
				ALWAYS_SEARCH_USER_PATHS = NO;
				CLANG_ANALYZER_NONNULL = YES;
				CLANG_ANALYZER_NUMBER_OBJECT_CONVERSION = YES_AGGRESSIVE;
				CLANG_CXX_LANGUAGE_STANDARD = "gnu++14";
				CLANG_CXX_LIBRARY = "libc++";
				CLANG_ENABLE_MODULES = YES;
				CLANG_ENABLE_OBJC_ARC = YES;
				CLANG_ENABLE_OBJC_WEAK = YES;
				CLANG_WARN_BLOCK_CAPTURE_AUTORELEASING = YES;
				CLANG_WARN_BOOL_CONVERSION = YES;
				CLANG_WARN_COMMA = YES;
				CLANG_WARN_CONSTANT_CONVERSION = YES;
				CLANG_WARN_DEPRECATED_OBJC_IMPLEMENTATIONS = YES;
				CLANG_WARN_DIRECT_OBJC_ISA_USAGE = YES_ERROR;
				CLANG_WARN_DOCUMENTATION_COMMENTS = YES;
				CLANG_WARN_EMPTY_BODY = YES;
				CLANG_WARN_ENUM_CONVERSION = YES;
				CLANG_WARN_INFINITE_RECURSION = YES;
				CLANG_WARN_INT_CONVERSION = YES;
				CLANG_WARN_NON_LITERAL_NULL_CONVERSION = YES;
				CLANG_WARN_OBJC_IMPLICIT_RETAIN_SELF = YES;
				CLANG_WARN_OBJC_LITERAL_CONVERSION = YES;
				CLANG_WARN_OBJC_ROOT_CLASS = YES_ERROR;
				CLANG_WARN_QUOTED_INCLUDE_IN_FRAMEWORK_HEADER = YES;
				CLANG_WARN_RANGE_LOOP_ANALYSIS = YES;
				CLANG_WARN_STRICT_PROTOTYPES = YES;
				CLANG_WARN_SUSPICIOUS_MOVE = YES;
				CLANG_WARN_UNGUARDED_AVAILABILITY = YES_AGGRESSIVE;
				CLANG_WARN_UNREACHABLE_CODE = YES;
				CLANG_WARN__DUPLICATE_METHOD_MATCH = YES;
				COPY_PHASE_STRIP = NO;
				DEBUG_INFORMATION_FORMAT = dwarf;
				ENABLE_STRICT_OBJC_MSGSEND = YES;
				ENABLE_TESTABILITY = YES;
				GCC_C_LANGUAGE_STANDARD = gnu11;
				GCC_DYNAMIC_NO_PIC = NO;
				GCC_NO_COMMON_BLOCKS = YES;
				GCC_OPTIMIZATION_LEVEL = 0;
				GCC_PREPROCESSOR_DEFINITIONS = (
					"DEBUG=1",
					"$(inherited)",
				);
				GCC_WARN_64_TO_32_BIT_CONVERSION = YES;
				GCC_WARN_ABOUT_RETURN_TYPE = YES_ERROR;
				GCC_WARN_UNDECLARED_SELECTOR = YES;
				GCC_WARN_UNINITIALIZED_AUTOS = YES_AGGRESSIVE;
				GCC_WARN_UNUSED_FUNCTION = YES;
				GCC_WARN_UNUSED_VARIABLE = YES;
				IPHONEOS_DEPLOYMENT_TARGET = 14.5;
				MTL_ENABLE_DEBUG_INFO = INCLUDE_SOURCE;
				MTL_FAST_MATH = YES;
				ONLY_ACTIVE_ARCH = YES;
				SDKROOT = iphoneos;
				SWIFT_ACTIVE_COMPILATION_CONDITIONS = DEBUG;
				SWIFT_OPTIMIZATION_LEVEL = "-Onone";
			};
			name = Debug;
		};
		C4144D1C265CD3C800BD9353 /* Release */ = {
			isa = XCBuildConfiguration;
			buildSettings = {
				ALWAYS_SEARCH_USER_PATHS = NO;
				CLANG_ANALYZER_NONNULL = YES;
				CLANG_ANALYZER_NUMBER_OBJECT_CONVERSION = YES_AGGRESSIVE;
				CLANG_CXX_LANGUAGE_STANDARD = "gnu++14";
				CLANG_CXX_LIBRARY = "libc++";
				CLANG_ENABLE_MODULES = YES;
				CLANG_ENABLE_OBJC_ARC = YES;
				CLANG_ENABLE_OBJC_WEAK = YES;
				CLANG_WARN_BLOCK_CAPTURE_AUTORELEASING = YES;
				CLANG_WARN_BOOL_CONVERSION = YES;
				CLANG_WARN_COMMA = YES;
				CLANG_WARN_CONSTANT_CONVERSION = YES;
				CLANG_WARN_DEPRECATED_OBJC_IMPLEMENTATIONS = YES;
				CLANG_WARN_DIRECT_OBJC_ISA_USAGE = YES_ERROR;
				CLANG_WARN_DOCUMENTATION_COMMENTS = YES;
				CLANG_WARN_EMPTY_BODY = YES;
				CLANG_WARN_ENUM_CONVERSION = YES;
				CLANG_WARN_INFINITE_RECURSION = YES;
				CLANG_WARN_INT_CONVERSION = YES;
				CLANG_WARN_NON_LITERAL_NULL_CONVERSION = YES;
				CLANG_WARN_OBJC_IMPLICIT_RETAIN_SELF = YES;
				CLANG_WARN_OBJC_LITERAL_CONVERSION = YES;
				CLANG_WARN_OBJC_ROOT_CLASS = YES_ERROR;
				CLANG_WARN_QUOTED_INCLUDE_IN_FRAMEWORK_HEADER = YES;
				CLANG_WARN_RANGE_LOOP_ANALYSIS = YES;
				CLANG_WARN_STRICT_PROTOTYPES = YES;
				CLANG_WARN_SUSPICIOUS_MOVE = YES;
				CLANG_WARN_UNGUARDED_AVAILABILITY = YES_AGGRESSIVE;
				CLANG_WARN_UNREACHABLE_CODE = YES;
				CLANG_WARN__DUPLICATE_METHOD_MATCH = YES;
				COPY_PHASE_STRIP = NO;
				DEBUG_INFORMATION_FORMAT = "dwarf-with-dsym";
				ENABLE_NS_ASSERTIONS = NO;
				ENABLE_STRICT_OBJC_MSGSEND = YES;
				GCC_C_LANGUAGE_STANDARD = gnu11;
				GCC_NO_COMMON_BLOCKS = YES;
				GCC_WARN_64_TO_32_BIT_CONVERSION = YES;
				GCC_WARN_ABOUT_RETURN_TYPE = YES_ERROR;
				GCC_WARN_UNDECLARED_SELECTOR = YES;
				GCC_WARN_UNINITIALIZED_AUTOS = YES_AGGRESSIVE;
				GCC_WARN_UNUSED_FUNCTION = YES;
				GCC_WARN_UNUSED_VARIABLE = YES;
				IPHONEOS_DEPLOYMENT_TARGET = 14.5;
				MTL_ENABLE_DEBUG_INFO = NO;
				MTL_FAST_MATH = YES;
				SDKROOT = iphoneos;
				SWIFT_COMPILATION_MODE = wholemodule;
				SWIFT_OPTIMIZATION_LEVEL = "-O";
				VALIDATE_PRODUCT = YES;
			};
			name = Release;
		};
		C4144D1E265CD3C800BD9353 /* Debug */ = {
			isa = XCBuildConfiguration;
			baseConfigurationReference = 81FEA501B97854223608B4DC /* Pods-Instagram.debug.xcconfig */;
			buildSettings = {
				ASSETCATALOG_COMPILER_APPICON_NAME = AppIcon;
				ASSETCATALOG_COMPILER_GLOBAL_ACCENT_COLOR_NAME = AccentColor;
				CODE_SIGN_STYLE = Automatic;
				DEVELOPMENT_TEAM = HF45SX3EL4;
				INFOPLIST_FILE = Instagram/Info.plist;
				LD_RUNPATH_SEARCH_PATHS = (
					"$(inherited)",
					"@executable_path/Frameworks",
				);
				PRODUCT_BUNDLE_IDENTIFIER = com.rmznabb.Instagram;
				PRODUCT_NAME = "$(TARGET_NAME)";
				SWIFT_VERSION = 5.0;
				TARGETED_DEVICE_FAMILY = "1,2";
			};
			name = Debug;
		};
		C4144D1F265CD3C800BD9353 /* Release */ = {
			isa = XCBuildConfiguration;
			baseConfigurationReference = 4A74600E3090BB573907F45B /* Pods-Instagram.release.xcconfig */;
			buildSettings = {
				ASSETCATALOG_COMPILER_APPICON_NAME = AppIcon;
				ASSETCATALOG_COMPILER_GLOBAL_ACCENT_COLOR_NAME = AccentColor;
				CODE_SIGN_STYLE = Automatic;
				DEVELOPMENT_TEAM = HF45SX3EL4;
				INFOPLIST_FILE = Instagram/Info.plist;
				LD_RUNPATH_SEARCH_PATHS = (
					"$(inherited)",
					"@executable_path/Frameworks",
				);
				PRODUCT_BUNDLE_IDENTIFIER = com.rmznabb.Instagram;
				PRODUCT_NAME = "$(TARGET_NAME)";
				SWIFT_VERSION = 5.0;
				TARGETED_DEVICE_FAMILY = "1,2";
			};
			name = Release;
		};
/* End XCBuildConfiguration section */

/* Begin XCConfigurationList section */
		C4144D04265CD3C600BD9353 /* Build configuration list for PBXProject "Instagram" */ = {
			isa = XCConfigurationList;
			buildConfigurations = (
				C4144D1B265CD3C800BD9353 /* Debug */,
				C4144D1C265CD3C800BD9353 /* Release */,
			);
			defaultConfigurationIsVisible = 0;
			defaultConfigurationName = Release;
		};
		C4144D1D265CD3C800BD9353 /* Build configuration list for PBXNativeTarget "Instagram" */ = {
			isa = XCConfigurationList;
			buildConfigurations = (
				C4144D1E265CD3C800BD9353 /* Debug */,
				C4144D1F265CD3C800BD9353 /* Release */,
			);
			defaultConfigurationIsVisible = 0;
			defaultConfigurationName = Release;
		};
/* End XCConfigurationList section */
	};
	rootObject = C4144D01265CD3C600BD9353 /* Project object */;
}
